
Microsoft Visual Studio Solution File, Format Version 12.00
# Visual Studio Version 18
VisualStudioVersion = 18.0.11205.157
MinimumVisualStudioVersion = 10.0.40219.1
Project("{9A19103F-16F7-4668-BE54-9A1E7A4F7556}") = "AdventOfCode", "AdventOfCode\AdventOfCode.csproj", "{DE1315A2-5365-49B5-B23B-4256323139CF}"
EndProject
Project("{2150E333-8FDC-42A3-9474-1A3956D46DE8}") = "2022", "2022", "{FE240BB0-CFE5-4418-A347-949B329F369F}"
EndProject
Project("{9A19103F-16F7-4668-BE54-9A1E7A4F7556}") = "Day1", "2022\Day1\Day1.csproj", "{853874F4-DDF6-4721-AB0A-85979E2AEBAE}"
EndProject
Project("{9A19103F-16F7-4668-BE54-9A1E7A4F7556}") = "Day2", "2022\Day2\Day2.csproj", "{8FFC3FE3-7D66-40FC-AF6C-46C6790CDA65}"
EndProject
Project("{9A19103F-16F7-4668-BE54-9A1E7A4F7556}") = "Day3", "2022\Day3\Day3.csproj", "{4F17CB0F-6A85-4CD6-B464-EEFDE2759BED}"
EndProject
Project("{9A19103F-16F7-4668-BE54-9A1E7A4F7556}") = "Day4", "2022\Day4\Day4.csproj", "{AA176A20-FA81-46DA-A3C0-285B7B08D076}"
EndProject
Project("{9A19103F-16F7-4668-BE54-9A1E7A4F7556}") = "Day5", "2022\Day5\Day5.csproj", "{BAB7FEBA-1728-4572-88F4-2DD684151675}"
EndProject
Project("{9A19103F-16F7-4668-BE54-9A1E7A4F7556}") = "Day6", "2022\Day6\Day6.csproj", "{3A00609B-B38C-4DB0-AFD9-23BB331B03AC}"
EndProject
Project("{9A19103F-16F7-4668-BE54-9A1E7A4F7556}") = "Day7", "2022\Day7\Day7.csproj", "{7AC2D900-1C3B-43BC-B5F8-C90DFC224B01}"
EndProject
Project("{9A19103F-16F7-4668-BE54-9A1E7A4F7556}") = "Day8", "2022\Day8\Day8.csproj", "{3816D2E9-9032-4AEE-AEBE-3EDB2D687500}"
EndProject
Project("{9A19103F-16F7-4668-BE54-9A1E7A4F7556}") = "Day9", "2022\Day9\Day9.csproj", "{17B8F16C-04B5-44E6-8C16-35F041F06F4F}"
EndProject
Project("{9A19103F-16F7-4668-BE54-9A1E7A4F7556}") = "Day10", "2022\Day10\Day10.csproj", "{58624B51-0C17-4599-B44A-6A898F11D743}"
EndProject
Project("{9A19103F-16F7-4668-BE54-9A1E7A4F7556}") = "Day11", "2022\Day11\Day11.csproj", "{653FBE98-E106-4B5E-94CA-3B479D26B0E9}"
EndProject
Project("{9A19103F-16F7-4668-BE54-9A1E7A4F7556}") = "Day12", "2022\Day12\Day12.csproj", "{76CC2CEA-9F39-4153-869D-94041506CC9F}"
EndProject
Project("{9A19103F-16F7-4668-BE54-9A1E7A4F7556}") = "Day13", "2022\Day13\Day13.csproj", "{EBB0CACB-8CE9-4E96-9779-E613C04D1067}"
EndProject
Project("{9A19103F-16F7-4668-BE54-9A1E7A4F7556}") = "Day14", "2022\Day14\Day14.csproj", "{63DFDDDB-68F9-444A-B2FA-82AC5AAEB242}"
EndProject
Project("{9A19103F-16F7-4668-BE54-9A1E7A4F7556}") = "Day15", "2022\Day15\Day15.csproj", "{2CDA5AF4-091E-4C9D-972E-D480E75A62ED}"
EndProject
Project("{9A19103F-16F7-4668-BE54-9A1E7A4F7556}") = "Day16", "2022\Day16\Day16.csproj", "{732EB8E8-0CF7-4282-8FCF-3292002FD07D}"
EndProject
Project("{9A19103F-16F7-4668-BE54-9A1E7A4F7556}") = "Day17", "2022\Day17\Day17.csproj", "{1B39C062-31DE-4C36-8180-9DC716C9C30F}"
EndProject
Project("{2150E333-8FDC-42A3-9474-1A3956D46DE8}") = "2023", "2023", "{0B739BB8-D243-41E6-B241-86A4EAA9E269}"
EndProject
Project("{9A19103F-16F7-4668-BE54-9A1E7A4F7556}") = "Day1", "2023\Day1\Day1.csproj", "{04F3E816-9E54-4DAE-9B48-1519A9D06C01}"
EndProject
Project("{9A19103F-16F7-4668-BE54-9A1E7A4F7556}") = "Day2", "2023\Day2\Day2.csproj", "{E2AE998A-9324-487B-8C0E-E56C6CBFDA8C}"
EndProject
Project("{9A19103F-16F7-4668-BE54-9A1E7A4F7556}") = "Day3", "2023\Day3\Day3.csproj", "{7D28E8BB-A5CC-4EFB-8092-914789D5389B}"
EndProject
Project("{9A19103F-16F7-4668-BE54-9A1E7A4F7556}") = "Day4", "2023\Day4\Day4.csproj", "{323E9A95-1609-4269-9B87-1F3D1E8C2BD7}"
EndProject
Project("{9A19103F-16F7-4668-BE54-9A1E7A4F7556}") = "Day5", "2023\Day5\Day5.csproj", "{1E012063-FE16-4779-98BC-EE0CBB24D075}"
EndProject
Project("{9A19103F-16F7-4668-BE54-9A1E7A4F7556}") = "Day6", "2023\Day6\Day6.csproj", "{EB0A22F2-047F-4D0E-823E-12804F943328}"
EndProject
Project("{9A19103F-16F7-4668-BE54-9A1E7A4F7556}") = "Day7", "2023\Day7\Day7.csproj", "{BF83F099-3361-48E9-9305-2A404B0E9133}"
EndProject
Project("{9A19103F-16F7-4668-BE54-9A1E7A4F7556}") = "Day8", "2023\Day8\Day8.csproj", "{291CB54D-3034-4F8F-967C-2DA53E7E0950}"
EndProject
Project("{2150E333-8FDC-42A3-9474-1A3956D46DE8}") = "2024", "2024", "{42FD68EE-CEA5-4903-BF6C-950BB654DC42}"
EndProject
Project("{9A19103F-16F7-4668-BE54-9A1E7A4F7556}") = "Day1", "2024\Day1\Day1.csproj", "{98B830B4-635C-4784-B45A-4962412AA9C0}"
EndProject
Project("{9A19103F-16F7-4668-BE54-9A1E7A4F7556}") = "Day2", "2024\Day2\Day2.csproj", "{738F830A-0A8A-4254-B18E-C7DEFC5A5EF2}"
EndProject
Project("{9A19103F-16F7-4668-BE54-9A1E7A4F7556}") = "Day3", "2024\Day3\Day3.csproj", "{8EE1194C-9D42-408A-8ED2-65F86E99E0E2}"
EndProject
Project("{9A19103F-16F7-4668-BE54-9A1E7A4F7556}") = "Day4", "2024\Day4\Day4.csproj", "{64CC35FA-7505-4458-BC3A-D5C5A80BC675}"
EndProject
Project("{9A19103F-16F7-4668-BE54-9A1E7A4F7556}") = "Day5", "2024\Day5\Day5.csproj", "{DA9EE3BE-1778-4F88-911E-B2810770D482}"
EndProject
Project("{9A19103F-16F7-4668-BE54-9A1E7A4F7556}") = "Day6", "2024\Day6\Day6.csproj", "{3BBD083C-CBB2-4BE6-AF79-CAE1C5CC8217}"
EndProject
Project("{9A19103F-16F7-4668-BE54-9A1E7A4F7556}") = "Day7", "2024\Day7\Day7.csproj", "{7C51D633-DC0B-4A66-9DBA-E1DE30E1647B}"
EndProject
Project("{9A19103F-16F7-4668-BE54-9A1E7A4F7556}") = "Day8", "2024\Day8\Day8.csproj", "{02200B6C-172A-458C-A50F-592575FA4899}"
EndProject
Project("{9A19103F-16F7-4668-BE54-9A1E7A4F7556}") = "Day9", "2024\Day9\Day9.csproj", "{0F1C74F5-5C29-4AC9-82E2-677EA7CBD453}"
EndProject
Project("{9A19103F-16F7-4668-BE54-9A1E7A4F7556}") = "Day10", "2024\Day10\Day10.csproj", "{9BC37F11-8AF0-4F1B-B70F-6837C29F4B0F}"
EndProject
Project("{9A19103F-16F7-4668-BE54-9A1E7A4F7556}") = "Day11", "2024\Day11\Day11.csproj", "{FB327F54-B1EA-47A2-BCE8-148764007B3C}"
EndProject
Project("{FAE04EC0-301F-11D3-BF4B-00C04F79EFBC}") = "Day12", "2024\Day12\Day12.csproj", "{FD81B9C5-5BF1-451E-9014-A4A77B18B358}"
EndProject
Project("{FAE04EC0-301F-11D3-BF4B-00C04F79EFBC}") = "Day13", "2024\Day13\Day13.csproj", "{8F2304AC-769A-4256-97CB-A70EBAEA94C7}"
EndProject
Project("{FAE04EC0-301F-11D3-BF4B-00C04F79EFBC}") = "Day14", "2024\Day14\Day14.csproj", "{6CD199DA-D490-4A7F-B2C8-14DFE90FA313}"
EndProject
Project("{FAE04EC0-301F-11D3-BF4B-00C04F79EFBC}") = "Day15", "2024\Day15\Day15.csproj", "{FB208EDE-A875-4D99-977D-607E77E9D95E}"
EndProject
Project("{FAE04EC0-301F-11D3-BF4B-00C04F79EFBC}") = "Day16", "2024\Day16\Day16.csproj", "{71442B75-CA26-441D-82E1-E73BE3603E76}"
EndProject
Project("{FAE04EC0-301F-11D3-BF4B-00C04F79EFBC}") = "Day17", "2024\Day17\Day17.csproj", "{0CC457E0-4873-44F8-A09A-2FB64250576A}"
EndProject
Project("{FAE04EC0-301F-11D3-BF4B-00C04F79EFBC}") = "Day18", "2024\Day18\Day18.csproj", "{5E2BD45F-6FA6-4935-8471-8506755FE48F}"
EndProject
Project("{FAE04EC0-301F-11D3-BF4B-00C04F79EFBC}") = "Day19", "2024\Day19\Day19.csproj", "{61198EB2-E653-469F-9E03-7FA32322D6C8}"
EndProject
Project("{FAE04EC0-301F-11D3-BF4B-00C04F79EFBC}") = "Day20", "2024\Day20\Day20.csproj", "{2433DB23-5657-4DBA-86C3-DAFC2A80E255}"
EndProject
Project("{FAE04EC0-301F-11D3-BF4B-00C04F79EFBC}") = "Day21", "2024\Day21\Day21.csproj", "{AB77E37E-0E41-46E9-9B66-90EA6F501A42}"
EndProject
Project("{FAE04EC0-301F-11D3-BF4B-00C04F79EFBC}") = "Day22", "2024\Day22\Day22.csproj", "{1F70850A-01F4-4485-8E70-A38ACB79934C}"
EndProject
Project("{FAE04EC0-301F-11D3-BF4B-00C04F79EFBC}") = "Day23", "2024\Day23\Day23.csproj", "{30A23AA9-9A6C-46DB-B9BA-C1702920ED4B}"
EndProject
Project("{FAE04EC0-301F-11D3-BF4B-00C04F79EFBC}") = "Day24", "2024\Day24\Day24.csproj", "{8AB31D36-381D-4534-8853-AD3649E72598}"
EndProject
Project("{2150E333-8FDC-42A3-9474-1A3956D46DE8}") = "2025", "2025", "{380EE52E-FBEC-4E32-98A9-96A3259D9ADC}"
EndProject
Project("{FAE04EC0-301F-11D3-BF4B-00C04F79EFBC}") = "Day1", "2025\Day1\Day1.csproj", "{DCEB8280-0333-4B15-9ACB-5793A7296B6D}"
EndProject
Project("{FAE04EC0-301F-11D3-BF4B-00C04F79EFBC}") = "Day2", "2025\Day2\Day2.csproj", "{615D603E-394F-4319-8B1F-C7A9241CE149}"
EndProject
Project("{FAE04EC0-301F-11D3-BF4B-00C04F79EFBC}") = "Day3", "2025\Day3\Day3.csproj", "{BC91574B-24A2-4F28-AAAE-2650C8A6FCD6}"
EndProject
Project("{FAE04EC0-301F-11D3-BF4B-00C04F79EFBC}") = "Day4", "2025\Day4\Day4.csproj", "{CEBB6F91-603E-4A2A-BA8F-88DE48299005}"
EndProject
Project("{FAE04EC0-301F-11D3-BF4B-00C04F79EFBC}") = "Day5", "2025\Day5\Day5.csproj", "{72EFB98C-AA8A-4A13-8D5F-EE72127E3118}"
EndProject
Project("{FAE04EC0-301F-11D3-BF4B-00C04F79EFBC}") = "Day6", "2025\Day6\Day6.csproj", "{66257F15-2B76-4ED7-8DB9-7FBBB33996C7}"
EndProject
Project("{FAE04EC0-301F-11D3-BF4B-00C04F79EFBC}") = "Day7", "2025\Day7\Day7.csproj", "{AE73AE1F-E2FA-4983-811F-936125D76CB8}"
EndProject
Project("{FAE04EC0-301F-11D3-BF4B-00C04F79EFBC}") = "Day8", "2025\Day8\Day8.csproj", "{44283033-71E3-44CD-9540-F26561F4270D}"
EndProject
Project("{FAE04EC0-301F-11D3-BF4B-00C04F79EFBC}") = "Day9", "2025\Day9\Day9.csproj", "{04526521-F2A3-4193-848E-8B49B94268AA}"
EndProject
Global
	GlobalSection(SolutionConfigurationPlatforms) = preSolution
		Debug|Any CPU = Debug|Any CPU
		Release|Any CPU = Release|Any CPU
	EndGlobalSection
	GlobalSection(ProjectConfigurationPlatforms) = postSolution
		{DE1315A2-5365-49B5-B23B-4256323139CF}.Debug|Any CPU.ActiveCfg = Debug|Any CPU
		{DE1315A2-5365-49B5-B23B-4256323139CF}.Debug|Any CPU.Build.0 = Debug|Any CPU
		{DE1315A2-5365-49B5-B23B-4256323139CF}.Release|Any CPU.ActiveCfg = Release|Any CPU
		{DE1315A2-5365-49B5-B23B-4256323139CF}.Release|Any CPU.Build.0 = Release|Any CPU
		{853874F4-DDF6-4721-AB0A-85979E2AEBAE}.Debug|Any CPU.ActiveCfg = Debug|Any CPU
		{853874F4-DDF6-4721-AB0A-85979E2AEBAE}.Debug|Any CPU.Build.0 = Debug|Any CPU
		{853874F4-DDF6-4721-AB0A-85979E2AEBAE}.Release|Any CPU.ActiveCfg = Release|Any CPU
		{853874F4-DDF6-4721-AB0A-85979E2AEBAE}.Release|Any CPU.Build.0 = Release|Any CPU
		{8FFC3FE3-7D66-40FC-AF6C-46C6790CDA65}.Debug|Any CPU.ActiveCfg = Debug|Any CPU
		{8FFC3FE3-7D66-40FC-AF6C-46C6790CDA65}.Debug|Any CPU.Build.0 = Debug|Any CPU
		{8FFC3FE3-7D66-40FC-AF6C-46C6790CDA65}.Release|Any CPU.ActiveCfg = Release|Any CPU
		{8FFC3FE3-7D66-40FC-AF6C-46C6790CDA65}.Release|Any CPU.Build.0 = Release|Any CPU
		{4F17CB0F-6A85-4CD6-B464-EEFDE2759BED}.Debug|Any CPU.ActiveCfg = Debug|Any CPU
		{4F17CB0F-6A85-4CD6-B464-EEFDE2759BED}.Debug|Any CPU.Build.0 = Debug|Any CPU
		{4F17CB0F-6A85-4CD6-B464-EEFDE2759BED}.Release|Any CPU.ActiveCfg = Release|Any CPU
		{4F17CB0F-6A85-4CD6-B464-EEFDE2759BED}.Release|Any CPU.Build.0 = Release|Any CPU
		{AA176A20-FA81-46DA-A3C0-285B7B08D076}.Debug|Any CPU.ActiveCfg = Debug|Any CPU
		{AA176A20-FA81-46DA-A3C0-285B7B08D076}.Debug|Any CPU.Build.0 = Debug|Any CPU
		{AA176A20-FA81-46DA-A3C0-285B7B08D076}.Release|Any CPU.ActiveCfg = Release|Any CPU
		{AA176A20-FA81-46DA-A3C0-285B7B08D076}.Release|Any CPU.Build.0 = Release|Any CPU
		{BAB7FEBA-1728-4572-88F4-2DD684151675}.Debug|Any CPU.ActiveCfg = Debug|Any CPU
		{BAB7FEBA-1728-4572-88F4-2DD684151675}.Debug|Any CPU.Build.0 = Debug|Any CPU
		{BAB7FEBA-1728-4572-88F4-2DD684151675}.Release|Any CPU.ActiveCfg = Release|Any CPU
		{BAB7FEBA-1728-4572-88F4-2DD684151675}.Release|Any CPU.Build.0 = Release|Any CPU
		{3A00609B-B38C-4DB0-AFD9-23BB331B03AC}.Debug|Any CPU.ActiveCfg = Debug|Any CPU
		{3A00609B-B38C-4DB0-AFD9-23BB331B03AC}.Debug|Any CPU.Build.0 = Debug|Any CPU
		{3A00609B-B38C-4DB0-AFD9-23BB331B03AC}.Release|Any CPU.ActiveCfg = Release|Any CPU
		{3A00609B-B38C-4DB0-AFD9-23BB331B03AC}.Release|Any CPU.Build.0 = Release|Any CPU
		{7AC2D900-1C3B-43BC-B5F8-C90DFC224B01}.Debug|Any CPU.ActiveCfg = Debug|Any CPU
		{7AC2D900-1C3B-43BC-B5F8-C90DFC224B01}.Debug|Any CPU.Build.0 = Debug|Any CPU
		{7AC2D900-1C3B-43BC-B5F8-C90DFC224B01}.Release|Any CPU.ActiveCfg = Release|Any CPU
		{7AC2D900-1C3B-43BC-B5F8-C90DFC224B01}.Release|Any CPU.Build.0 = Release|Any CPU
		{3816D2E9-9032-4AEE-AEBE-3EDB2D687500}.Debug|Any CPU.ActiveCfg = Debug|Any CPU
		{3816D2E9-9032-4AEE-AEBE-3EDB2D687500}.Debug|Any CPU.Build.0 = Debug|Any CPU
		{3816D2E9-9032-4AEE-AEBE-3EDB2D687500}.Release|Any CPU.ActiveCfg = Release|Any CPU
		{3816D2E9-9032-4AEE-AEBE-3EDB2D687500}.Release|Any CPU.Build.0 = Release|Any CPU
		{17B8F16C-04B5-44E6-8C16-35F041F06F4F}.Debug|Any CPU.ActiveCfg = Debug|Any CPU
		{17B8F16C-04B5-44E6-8C16-35F041F06F4F}.Debug|Any CPU.Build.0 = Debug|Any CPU
		{17B8F16C-04B5-44E6-8C16-35F041F06F4F}.Release|Any CPU.ActiveCfg = Release|Any CPU
		{17B8F16C-04B5-44E6-8C16-35F041F06F4F}.Release|Any CPU.Build.0 = Release|Any CPU
		{58624B51-0C17-4599-B44A-6A898F11D743}.Debug|Any CPU.ActiveCfg = Debug|Any CPU
		{58624B51-0C17-4599-B44A-6A898F11D743}.Debug|Any CPU.Build.0 = Debug|Any CPU
		{58624B51-0C17-4599-B44A-6A898F11D743}.Release|Any CPU.ActiveCfg = Release|Any CPU
		{58624B51-0C17-4599-B44A-6A898F11D743}.Release|Any CPU.Build.0 = Release|Any CPU
		{653FBE98-E106-4B5E-94CA-3B479D26B0E9}.Debug|Any CPU.ActiveCfg = Debug|Any CPU
		{653FBE98-E106-4B5E-94CA-3B479D26B0E9}.Debug|Any CPU.Build.0 = Debug|Any CPU
		{653FBE98-E106-4B5E-94CA-3B479D26B0E9}.Release|Any CPU.ActiveCfg = Release|Any CPU
		{653FBE98-E106-4B5E-94CA-3B479D26B0E9}.Release|Any CPU.Build.0 = Release|Any CPU
		{76CC2CEA-9F39-4153-869D-94041506CC9F}.Debug|Any CPU.ActiveCfg = Debug|Any CPU
		{76CC2CEA-9F39-4153-869D-94041506CC9F}.Debug|Any CPU.Build.0 = Debug|Any CPU
		{76CC2CEA-9F39-4153-869D-94041506CC9F}.Release|Any CPU.ActiveCfg = Release|Any CPU
		{76CC2CEA-9F39-4153-869D-94041506CC9F}.Release|Any CPU.Build.0 = Release|Any CPU
		{EBB0CACB-8CE9-4E96-9779-E613C04D1067}.Debug|Any CPU.ActiveCfg = Debug|Any CPU
		{EBB0CACB-8CE9-4E96-9779-E613C04D1067}.Debug|Any CPU.Build.0 = Debug|Any CPU
		{EBB0CACB-8CE9-4E96-9779-E613C04D1067}.Release|Any CPU.ActiveCfg = Release|Any CPU
		{EBB0CACB-8CE9-4E96-9779-E613C04D1067}.Release|Any CPU.Build.0 = Release|Any CPU
		{63DFDDDB-68F9-444A-B2FA-82AC5AAEB242}.Debug|Any CPU.ActiveCfg = Debug|Any CPU
		{63DFDDDB-68F9-444A-B2FA-82AC5AAEB242}.Debug|Any CPU.Build.0 = Debug|Any CPU
		{63DFDDDB-68F9-444A-B2FA-82AC5AAEB242}.Release|Any CPU.ActiveCfg = Release|Any CPU
		{63DFDDDB-68F9-444A-B2FA-82AC5AAEB242}.Release|Any CPU.Build.0 = Release|Any CPU
		{2CDA5AF4-091E-4C9D-972E-D480E75A62ED}.Debug|Any CPU.ActiveCfg = Debug|Any CPU
		{2CDA5AF4-091E-4C9D-972E-D480E75A62ED}.Debug|Any CPU.Build.0 = Debug|Any CPU
		{2CDA5AF4-091E-4C9D-972E-D480E75A62ED}.Release|Any CPU.ActiveCfg = Release|Any CPU
		{2CDA5AF4-091E-4C9D-972E-D480E75A62ED}.Release|Any CPU.Build.0 = Release|Any CPU
		{732EB8E8-0CF7-4282-8FCF-3292002FD07D}.Debug|Any CPU.ActiveCfg = Debug|Any CPU
		{732EB8E8-0CF7-4282-8FCF-3292002FD07D}.Debug|Any CPU.Build.0 = Debug|Any CPU
		{732EB8E8-0CF7-4282-8FCF-3292002FD07D}.Release|Any CPU.ActiveCfg = Release|Any CPU
		{732EB8E8-0CF7-4282-8FCF-3292002FD07D}.Release|Any CPU.Build.0 = Release|Any CPU
		{1B39C062-31DE-4C36-8180-9DC716C9C30F}.Debug|Any CPU.ActiveCfg = Debug|Any CPU
		{1B39C062-31DE-4C36-8180-9DC716C9C30F}.Debug|Any CPU.Build.0 = Debug|Any CPU
		{1B39C062-31DE-4C36-8180-9DC716C9C30F}.Release|Any CPU.ActiveCfg = Release|Any CPU
		{1B39C062-31DE-4C36-8180-9DC716C9C30F}.Release|Any CPU.Build.0 = Release|Any CPU
		{04F3E816-9E54-4DAE-9B48-1519A9D06C01}.Debug|Any CPU.ActiveCfg = Debug|Any CPU
		{04F3E816-9E54-4DAE-9B48-1519A9D06C01}.Debug|Any CPU.Build.0 = Debug|Any CPU
		{04F3E816-9E54-4DAE-9B48-1519A9D06C01}.Release|Any CPU.ActiveCfg = Release|Any CPU
		{04F3E816-9E54-4DAE-9B48-1519A9D06C01}.Release|Any CPU.Build.0 = Release|Any CPU
		{E2AE998A-9324-487B-8C0E-E56C6CBFDA8C}.Debug|Any CPU.ActiveCfg = Debug|Any CPU
		{E2AE998A-9324-487B-8C0E-E56C6CBFDA8C}.Debug|Any CPU.Build.0 = Debug|Any CPU
		{E2AE998A-9324-487B-8C0E-E56C6CBFDA8C}.Release|Any CPU.ActiveCfg = Release|Any CPU
		{E2AE998A-9324-487B-8C0E-E56C6CBFDA8C}.Release|Any CPU.Build.0 = Release|Any CPU
		{7D28E8BB-A5CC-4EFB-8092-914789D5389B}.Debug|Any CPU.ActiveCfg = Debug|Any CPU
		{7D28E8BB-A5CC-4EFB-8092-914789D5389B}.Debug|Any CPU.Build.0 = Debug|Any CPU
		{7D28E8BB-A5CC-4EFB-8092-914789D5389B}.Release|Any CPU.ActiveCfg = Release|Any CPU
		{7D28E8BB-A5CC-4EFB-8092-914789D5389B}.Release|Any CPU.Build.0 = Release|Any CPU
		{323E9A95-1609-4269-9B87-1F3D1E8C2BD7}.Debug|Any CPU.ActiveCfg = Debug|Any CPU
		{323E9A95-1609-4269-9B87-1F3D1E8C2BD7}.Debug|Any CPU.Build.0 = Debug|Any CPU
		{323E9A95-1609-4269-9B87-1F3D1E8C2BD7}.Release|Any CPU.ActiveCfg = Release|Any CPU
		{323E9A95-1609-4269-9B87-1F3D1E8C2BD7}.Release|Any CPU.Build.0 = Release|Any CPU
		{1E012063-FE16-4779-98BC-EE0CBB24D075}.Debug|Any CPU.ActiveCfg = Debug|Any CPU
		{1E012063-FE16-4779-98BC-EE0CBB24D075}.Debug|Any CPU.Build.0 = Debug|Any CPU
		{1E012063-FE16-4779-98BC-EE0CBB24D075}.Release|Any CPU.ActiveCfg = Release|Any CPU
		{1E012063-FE16-4779-98BC-EE0CBB24D075}.Release|Any CPU.Build.0 = Release|Any CPU
		{EB0A22F2-047F-4D0E-823E-12804F943328}.Debug|Any CPU.ActiveCfg = Debug|Any CPU
		{EB0A22F2-047F-4D0E-823E-12804F943328}.Debug|Any CPU.Build.0 = Debug|Any CPU
		{EB0A22F2-047F-4D0E-823E-12804F943328}.Release|Any CPU.ActiveCfg = Release|Any CPU
		{EB0A22F2-047F-4D0E-823E-12804F943328}.Release|Any CPU.Build.0 = Release|Any CPU
		{BF83F099-3361-48E9-9305-2A404B0E9133}.Debug|Any CPU.ActiveCfg = Debug|Any CPU
		{BF83F099-3361-48E9-9305-2A404B0E9133}.Debug|Any CPU.Build.0 = Debug|Any CPU
		{BF83F099-3361-48E9-9305-2A404B0E9133}.Release|Any CPU.ActiveCfg = Release|Any CPU
		{BF83F099-3361-48E9-9305-2A404B0E9133}.Release|Any CPU.Build.0 = Release|Any CPU
		{291CB54D-3034-4F8F-967C-2DA53E7E0950}.Debug|Any CPU.ActiveCfg = Debug|Any CPU
		{291CB54D-3034-4F8F-967C-2DA53E7E0950}.Debug|Any CPU.Build.0 = Debug|Any CPU
		{291CB54D-3034-4F8F-967C-2DA53E7E0950}.Release|Any CPU.ActiveCfg = Release|Any CPU
		{291CB54D-3034-4F8F-967C-2DA53E7E0950}.Release|Any CPU.Build.0 = Release|Any CPU
		{98B830B4-635C-4784-B45A-4962412AA9C0}.Debug|Any CPU.ActiveCfg = Debug|Any CPU
		{98B830B4-635C-4784-B45A-4962412AA9C0}.Debug|Any CPU.Build.0 = Debug|Any CPU
		{98B830B4-635C-4784-B45A-4962412AA9C0}.Release|Any CPU.ActiveCfg = Release|Any CPU
		{98B830B4-635C-4784-B45A-4962412AA9C0}.Release|Any CPU.Build.0 = Release|Any CPU
		{738F830A-0A8A-4254-B18E-C7DEFC5A5EF2}.Debug|Any CPU.ActiveCfg = Debug|Any CPU
		{738F830A-0A8A-4254-B18E-C7DEFC5A5EF2}.Debug|Any CPU.Build.0 = Debug|Any CPU
		{738F830A-0A8A-4254-B18E-C7DEFC5A5EF2}.Release|Any CPU.ActiveCfg = Release|Any CPU
		{738F830A-0A8A-4254-B18E-C7DEFC5A5EF2}.Release|Any CPU.Build.0 = Release|Any CPU
		{8EE1194C-9D42-408A-8ED2-65F86E99E0E2}.Debug|Any CPU.ActiveCfg = Debug|Any CPU
		{8EE1194C-9D42-408A-8ED2-65F86E99E0E2}.Debug|Any CPU.Build.0 = Debug|Any CPU
		{8EE1194C-9D42-408A-8ED2-65F86E99E0E2}.Release|Any CPU.ActiveCfg = Release|Any CPU
		{8EE1194C-9D42-408A-8ED2-65F86E99E0E2}.Release|Any CPU.Build.0 = Release|Any CPU
		{64CC35FA-7505-4458-BC3A-D5C5A80BC675}.Debug|Any CPU.ActiveCfg = Debug|Any CPU
		{64CC35FA-7505-4458-BC3A-D5C5A80BC675}.Debug|Any CPU.Build.0 = Debug|Any CPU
		{64CC35FA-7505-4458-BC3A-D5C5A80BC675}.Release|Any CPU.ActiveCfg = Release|Any CPU
		{64CC35FA-7505-4458-BC3A-D5C5A80BC675}.Release|Any CPU.Build.0 = Release|Any CPU
		{DA9EE3BE-1778-4F88-911E-B2810770D482}.Debug|Any CPU.ActiveCfg = Debug|Any CPU
		{DA9EE3BE-1778-4F88-911E-B2810770D482}.Debug|Any CPU.Build.0 = Debug|Any CPU
		{DA9EE3BE-1778-4F88-911E-B2810770D482}.Release|Any CPU.ActiveCfg = Release|Any CPU
		{DA9EE3BE-1778-4F88-911E-B2810770D482}.Release|Any CPU.Build.0 = Release|Any CPU
		{3BBD083C-CBB2-4BE6-AF79-CAE1C5CC8217}.Debug|Any CPU.ActiveCfg = Debug|Any CPU
		{3BBD083C-CBB2-4BE6-AF79-CAE1C5CC8217}.Debug|Any CPU.Build.0 = Debug|Any CPU
		{3BBD083C-CBB2-4BE6-AF79-CAE1C5CC8217}.Release|Any CPU.ActiveCfg = Release|Any CPU
		{3BBD083C-CBB2-4BE6-AF79-CAE1C5CC8217}.Release|Any CPU.Build.0 = Release|Any CPU
		{7C51D633-DC0B-4A66-9DBA-E1DE30E1647B}.Debug|Any CPU.ActiveCfg = Debug|Any CPU
		{7C51D633-DC0B-4A66-9DBA-E1DE30E1647B}.Debug|Any CPU.Build.0 = Debug|Any CPU
		{7C51D633-DC0B-4A66-9DBA-E1DE30E1647B}.Release|Any CPU.ActiveCfg = Release|Any CPU
		{7C51D633-DC0B-4A66-9DBA-E1DE30E1647B}.Release|Any CPU.Build.0 = Release|Any CPU
		{02200B6C-172A-458C-A50F-592575FA4899}.Debug|Any CPU.ActiveCfg = Debug|Any CPU
		{02200B6C-172A-458C-A50F-592575FA4899}.Debug|Any CPU.Build.0 = Debug|Any CPU
		{02200B6C-172A-458C-A50F-592575FA4899}.Release|Any CPU.ActiveCfg = Release|Any CPU
		{02200B6C-172A-458C-A50F-592575FA4899}.Release|Any CPU.Build.0 = Release|Any CPU
		{0F1C74F5-5C29-4AC9-82E2-677EA7CBD453}.Debug|Any CPU.ActiveCfg = Debug|Any CPU
		{0F1C74F5-5C29-4AC9-82E2-677EA7CBD453}.Debug|Any CPU.Build.0 = Debug|Any CPU
		{0F1C74F5-5C29-4AC9-82E2-677EA7CBD453}.Release|Any CPU.ActiveCfg = Release|Any CPU
		{0F1C74F5-5C29-4AC9-82E2-677EA7CBD453}.Release|Any CPU.Build.0 = Release|Any CPU
		{9BC37F11-8AF0-4F1B-B70F-6837C29F4B0F}.Debug|Any CPU.ActiveCfg = Debug|Any CPU
		{9BC37F11-8AF0-4F1B-B70F-6837C29F4B0F}.Debug|Any CPU.Build.0 = Debug|Any CPU
		{9BC37F11-8AF0-4F1B-B70F-6837C29F4B0F}.Release|Any CPU.ActiveCfg = Release|Any CPU
		{9BC37F11-8AF0-4F1B-B70F-6837C29F4B0F}.Release|Any CPU.Build.0 = Release|Any CPU
		{FB327F54-B1EA-47A2-BCE8-148764007B3C}.Debug|Any CPU.ActiveCfg = Debug|Any CPU
		{FB327F54-B1EA-47A2-BCE8-148764007B3C}.Debug|Any CPU.Build.0 = Debug|Any CPU
		{FB327F54-B1EA-47A2-BCE8-148764007B3C}.Release|Any CPU.ActiveCfg = Release|Any CPU
		{FB327F54-B1EA-47A2-BCE8-148764007B3C}.Release|Any CPU.Build.0 = Release|Any CPU
		{FD81B9C5-5BF1-451E-9014-A4A77B18B358}.Debug|Any CPU.ActiveCfg = Debug|Any CPU
		{FD81B9C5-5BF1-451E-9014-A4A77B18B358}.Debug|Any CPU.Build.0 = Debug|Any CPU
		{FD81B9C5-5BF1-451E-9014-A4A77B18B358}.Release|Any CPU.ActiveCfg = Release|Any CPU
		{FD81B9C5-5BF1-451E-9014-A4A77B18B358}.Release|Any CPU.Build.0 = Release|Any CPU
		{8F2304AC-769A-4256-97CB-A70EBAEA94C7}.Debug|Any CPU.ActiveCfg = Debug|Any CPU
		{8F2304AC-769A-4256-97CB-A70EBAEA94C7}.Debug|Any CPU.Build.0 = Debug|Any CPU
		{8F2304AC-769A-4256-97CB-A70EBAEA94C7}.Release|Any CPU.ActiveCfg = Release|Any CPU
		{8F2304AC-769A-4256-97CB-A70EBAEA94C7}.Release|Any CPU.Build.0 = Release|Any CPU
		{6CD199DA-D490-4A7F-B2C8-14DFE90FA313}.Debug|Any CPU.ActiveCfg = Debug|Any CPU
		{6CD199DA-D490-4A7F-B2C8-14DFE90FA313}.Debug|Any CPU.Build.0 = Debug|Any CPU
		{6CD199DA-D490-4A7F-B2C8-14DFE90FA313}.Release|Any CPU.ActiveCfg = Release|Any CPU
		{6CD199DA-D490-4A7F-B2C8-14DFE90FA313}.Release|Any CPU.Build.0 = Release|Any CPU
		{FB208EDE-A875-4D99-977D-607E77E9D95E}.Debug|Any CPU.ActiveCfg = Debug|Any CPU
		{FB208EDE-A875-4D99-977D-607E77E9D95E}.Debug|Any CPU.Build.0 = Debug|Any CPU
		{FB208EDE-A875-4D99-977D-607E77E9D95E}.Release|Any CPU.ActiveCfg = Release|Any CPU
		{FB208EDE-A875-4D99-977D-607E77E9D95E}.Release|Any CPU.Build.0 = Release|Any CPU
		{71442B75-CA26-441D-82E1-E73BE3603E76}.Debug|Any CPU.ActiveCfg = Debug|Any CPU
		{71442B75-CA26-441D-82E1-E73BE3603E76}.Debug|Any CPU.Build.0 = Debug|Any CPU
		{71442B75-CA26-441D-82E1-E73BE3603E76}.Release|Any CPU.ActiveCfg = Release|Any CPU
		{71442B75-CA26-441D-82E1-E73BE3603E76}.Release|Any CPU.Build.0 = Release|Any CPU
		{0CC457E0-4873-44F8-A09A-2FB64250576A}.Debug|Any CPU.ActiveCfg = Debug|Any CPU
		{0CC457E0-4873-44F8-A09A-2FB64250576A}.Debug|Any CPU.Build.0 = Debug|Any CPU
		{0CC457E0-4873-44F8-A09A-2FB64250576A}.Release|Any CPU.ActiveCfg = Release|Any CPU
		{0CC457E0-4873-44F8-A09A-2FB64250576A}.Release|Any CPU.Build.0 = Release|Any CPU
		{5E2BD45F-6FA6-4935-8471-8506755FE48F}.Debug|Any CPU.ActiveCfg = Debug|Any CPU
		{5E2BD45F-6FA6-4935-8471-8506755FE48F}.Debug|Any CPU.Build.0 = Debug|Any CPU
		{5E2BD45F-6FA6-4935-8471-8506755FE48F}.Release|Any CPU.ActiveCfg = Release|Any CPU
		{5E2BD45F-6FA6-4935-8471-8506755FE48F}.Release|Any CPU.Build.0 = Release|Any CPU
		{61198EB2-E653-469F-9E03-7FA32322D6C8}.Debug|Any CPU.ActiveCfg = Debug|Any CPU
		{61198EB2-E653-469F-9E03-7FA32322D6C8}.Debug|Any CPU.Build.0 = Debug|Any CPU
		{61198EB2-E653-469F-9E03-7FA32322D6C8}.Release|Any CPU.ActiveCfg = Release|Any CPU
		{61198EB2-E653-469F-9E03-7FA32322D6C8}.Release|Any CPU.Build.0 = Release|Any CPU
		{2433DB23-5657-4DBA-86C3-DAFC2A80E255}.Debug|Any CPU.ActiveCfg = Debug|Any CPU
		{2433DB23-5657-4DBA-86C3-DAFC2A80E255}.Debug|Any CPU.Build.0 = Debug|Any CPU
		{2433DB23-5657-4DBA-86C3-DAFC2A80E255}.Release|Any CPU.ActiveCfg = Release|Any CPU
		{2433DB23-5657-4DBA-86C3-DAFC2A80E255}.Release|Any CPU.Build.0 = Release|Any CPU
		{AB77E37E-0E41-46E9-9B66-90EA6F501A42}.Debug|Any CPU.ActiveCfg = Debug|Any CPU
		{AB77E37E-0E41-46E9-9B66-90EA6F501A42}.Debug|Any CPU.Build.0 = Debug|Any CPU
		{AB77E37E-0E41-46E9-9B66-90EA6F501A42}.Release|Any CPU.ActiveCfg = Release|Any CPU
		{AB77E37E-0E41-46E9-9B66-90EA6F501A42}.Release|Any CPU.Build.0 = Release|Any CPU
		{1F70850A-01F4-4485-8E70-A38ACB79934C}.Debug|Any CPU.ActiveCfg = Debug|Any CPU
		{1F70850A-01F4-4485-8E70-A38ACB79934C}.Debug|Any CPU.Build.0 = Debug|Any CPU
		{1F70850A-01F4-4485-8E70-A38ACB79934C}.Release|Any CPU.ActiveCfg = Release|Any CPU
		{1F70850A-01F4-4485-8E70-A38ACB79934C}.Release|Any CPU.Build.0 = Release|Any CPU
		{30A23AA9-9A6C-46DB-B9BA-C1702920ED4B}.Debug|Any CPU.ActiveCfg = Debug|Any CPU
		{30A23AA9-9A6C-46DB-B9BA-C1702920ED4B}.Debug|Any CPU.Build.0 = Debug|Any CPU
		{30A23AA9-9A6C-46DB-B9BA-C1702920ED4B}.Release|Any CPU.ActiveCfg = Release|Any CPU
		{30A23AA9-9A6C-46DB-B9BA-C1702920ED4B}.Release|Any CPU.Build.0 = Release|Any CPU
		{8AB31D36-381D-4534-8853-AD3649E72598}.Debug|Any CPU.ActiveCfg = Debug|Any CPU
		{8AB31D36-381D-4534-8853-AD3649E72598}.Debug|Any CPU.Build.0 = Debug|Any CPU
		{8AB31D36-381D-4534-8853-AD3649E72598}.Release|Any CPU.ActiveCfg = Release|Any CPU
		{8AB31D36-381D-4534-8853-AD3649E72598}.Release|Any CPU.Build.0 = Release|Any CPU
		{DCEB8280-0333-4B15-9ACB-5793A7296B6D}.Debug|Any CPU.ActiveCfg = Debug|Any CPU
		{DCEB8280-0333-4B15-9ACB-5793A7296B6D}.Debug|Any CPU.Build.0 = Debug|Any CPU
		{DCEB8280-0333-4B15-9ACB-5793A7296B6D}.Release|Any CPU.ActiveCfg = Release|Any CPU
		{DCEB8280-0333-4B15-9ACB-5793A7296B6D}.Release|Any CPU.Build.0 = Release|Any CPU
		{615D603E-394F-4319-8B1F-C7A9241CE149}.Debug|Any CPU.ActiveCfg = Debug|Any CPU
		{615D603E-394F-4319-8B1F-C7A9241CE149}.Debug|Any CPU.Build.0 = Debug|Any CPU
		{615D603E-394F-4319-8B1F-C7A9241CE149}.Release|Any CPU.ActiveCfg = Release|Any CPU
		{615D603E-394F-4319-8B1F-C7A9241CE149}.Release|Any CPU.Build.0 = Release|Any CPU
		{BC91574B-24A2-4F28-AAAE-2650C8A6FCD6}.Debug|Any CPU.ActiveCfg = Debug|Any CPU
		{BC91574B-24A2-4F28-AAAE-2650C8A6FCD6}.Debug|Any CPU.Build.0 = Debug|Any CPU
		{BC91574B-24A2-4F28-AAAE-2650C8A6FCD6}.Release|Any CPU.ActiveCfg = Release|Any CPU
		{BC91574B-24A2-4F28-AAAE-2650C8A6FCD6}.Release|Any CPU.Build.0 = Release|Any CPU
		{CEBB6F91-603E-4A2A-BA8F-88DE48299005}.Debug|Any CPU.ActiveCfg = Debug|Any CPU
		{CEBB6F91-603E-4A2A-BA8F-88DE48299005}.Debug|Any CPU.Build.0 = Debug|Any CPU
		{CEBB6F91-603E-4A2A-BA8F-88DE48299005}.Release|Any CPU.ActiveCfg = Release|Any CPU
		{CEBB6F91-603E-4A2A-BA8F-88DE48299005}.Release|Any CPU.Build.0 = Release|Any CPU
		{72EFB98C-AA8A-4A13-8D5F-EE72127E3118}.Debug|Any CPU.ActiveCfg = Debug|Any CPU
		{72EFB98C-AA8A-4A13-8D5F-EE72127E3118}.Debug|Any CPU.Build.0 = Debug|Any CPU
		{72EFB98C-AA8A-4A13-8D5F-EE72127E3118}.Release|Any CPU.ActiveCfg = Release|Any CPU
		{72EFB98C-AA8A-4A13-8D5F-EE72127E3118}.Release|Any CPU.Build.0 = Release|Any CPU
		{66257F15-2B76-4ED7-8DB9-7FBBB33996C7}.Debug|Any CPU.ActiveCfg = Debug|Any CPU
		{66257F15-2B76-4ED7-8DB9-7FBBB33996C7}.Debug|Any CPU.Build.0 = Debug|Any CPU
		{66257F15-2B76-4ED7-8DB9-7FBBB33996C7}.Release|Any CPU.ActiveCfg = Release|Any CPU
		{66257F15-2B76-4ED7-8DB9-7FBBB33996C7}.Release|Any CPU.Build.0 = Release|Any CPU
		{AE73AE1F-E2FA-4983-811F-936125D76CB8}.Debug|Any CPU.ActiveCfg = Debug|Any CPU
		{AE73AE1F-E2FA-4983-811F-936125D76CB8}.Debug|Any CPU.Build.0 = Debug|Any CPU
		{AE73AE1F-E2FA-4983-811F-936125D76CB8}.Release|Any CPU.ActiveCfg = Release|Any CPU
		{AE73AE1F-E2FA-4983-811F-936125D76CB8}.Release|Any CPU.Build.0 = Release|Any CPU
		{44283033-71E3-44CD-9540-F26561F4270D}.Debug|Any CPU.ActiveCfg = Debug|Any CPU
		{44283033-71E3-44CD-9540-F26561F4270D}.Debug|Any CPU.Build.0 = Debug|Any CPU
		{44283033-71E3-44CD-9540-F26561F4270D}.Release|Any CPU.ActiveCfg = Release|Any CPU
		{44283033-71E3-44CD-9540-F26561F4270D}.Release|Any CPU.Build.0 = Release|Any CPU
		{04526521-F2A3-4193-848E-8B49B94268AA}.Debug|Any CPU.ActiveCfg = Debug|Any CPU
		{04526521-F2A3-4193-848E-8B49B94268AA}.Debug|Any CPU.Build.0 = Debug|Any CPU
		{04526521-F2A3-4193-848E-8B49B94268AA}.Release|Any CPU.ActiveCfg = Release|Any CPU
		{04526521-F2A3-4193-848E-8B49B94268AA}.Release|Any CPU.Build.0 = Release|Any CPU
	EndGlobalSection
	GlobalSection(SolutionProperties) = preSolution
		HideSolutionNode = FALSE
	EndGlobalSection
	GlobalSection(NestedProjects) = preSolution
		{853874F4-DDF6-4721-AB0A-85979E2AEBAE} = {FE240BB0-CFE5-4418-A347-949B329F369F}
		{8FFC3FE3-7D66-40FC-AF6C-46C6790CDA65} = {FE240BB0-CFE5-4418-A347-949B329F369F}
		{4F17CB0F-6A85-4CD6-B464-EEFDE2759BED} = {FE240BB0-CFE5-4418-A347-949B329F369F}
		{AA176A20-FA81-46DA-A3C0-285B7B08D076} = {FE240BB0-CFE5-4418-A347-949B329F369F}
		{BAB7FEBA-1728-4572-88F4-2DD684151675} = {FE240BB0-CFE5-4418-A347-949B329F369F}
		{3A00609B-B38C-4DB0-AFD9-23BB331B03AC} = {FE240BB0-CFE5-4418-A347-949B329F369F}
		{7AC2D900-1C3B-43BC-B5F8-C90DFC224B01} = {FE240BB0-CFE5-4418-A347-949B329F369F}
		{3816D2E9-9032-4AEE-AEBE-3EDB2D687500} = {FE240BB0-CFE5-4418-A347-949B329F369F}
		{17B8F16C-04B5-44E6-8C16-35F041F06F4F} = {FE240BB0-CFE5-4418-A347-949B329F369F}
		{58624B51-0C17-4599-B44A-6A898F11D743} = {FE240BB0-CFE5-4418-A347-949B329F369F}
		{653FBE98-E106-4B5E-94CA-3B479D26B0E9} = {FE240BB0-CFE5-4418-A347-949B329F369F}
		{76CC2CEA-9F39-4153-869D-94041506CC9F} = {FE240BB0-CFE5-4418-A347-949B329F369F}
		{EBB0CACB-8CE9-4E96-9779-E613C04D1067} = {FE240BB0-CFE5-4418-A347-949B329F369F}
		{63DFDDDB-68F9-444A-B2FA-82AC5AAEB242} = {FE240BB0-CFE5-4418-A347-949B329F369F}
		{2CDA5AF4-091E-4C9D-972E-D480E75A62ED} = {FE240BB0-CFE5-4418-A347-949B329F369F}
		{732EB8E8-0CF7-4282-8FCF-3292002FD07D} = {FE240BB0-CFE5-4418-A347-949B329F369F}
		{1B39C062-31DE-4C36-8180-9DC716C9C30F} = {FE240BB0-CFE5-4418-A347-949B329F369F}
		{04F3E816-9E54-4DAE-9B48-1519A9D06C01} = {0B739BB8-D243-41E6-B241-86A4EAA9E269}
		{E2AE998A-9324-487B-8C0E-E56C6CBFDA8C} = {0B739BB8-D243-41E6-B241-86A4EAA9E269}
		{7D28E8BB-A5CC-4EFB-8092-914789D5389B} = {0B739BB8-D243-41E6-B241-86A4EAA9E269}
		{323E9A95-1609-4269-9B87-1F3D1E8C2BD7} = {0B739BB8-D243-41E6-B241-86A4EAA9E269}
		{1E012063-FE16-4779-98BC-EE0CBB24D075} = {0B739BB8-D243-41E6-B241-86A4EAA9E269}
		{EB0A22F2-047F-4D0E-823E-12804F943328} = {0B739BB8-D243-41E6-B241-86A4EAA9E269}
		{BF83F099-3361-48E9-9305-2A404B0E9133} = {0B739BB8-D243-41E6-B241-86A4EAA9E269}
		{291CB54D-3034-4F8F-967C-2DA53E7E0950} = {0B739BB8-D243-41E6-B241-86A4EAA9E269}
		{98B830B4-635C-4784-B45A-4962412AA9C0} = {42FD68EE-CEA5-4903-BF6C-950BB654DC42}
		{738F830A-0A8A-4254-B18E-C7DEFC5A5EF2} = {42FD68EE-CEA5-4903-BF6C-950BB654DC42}
		{8EE1194C-9D42-408A-8ED2-65F86E99E0E2} = {42FD68EE-CEA5-4903-BF6C-950BB654DC42}
		{64CC35FA-7505-4458-BC3A-D5C5A80BC675} = {42FD68EE-CEA5-4903-BF6C-950BB654DC42}
		{DA9EE3BE-1778-4F88-911E-B2810770D482} = {42FD68EE-CEA5-4903-BF6C-950BB654DC42}
		{3BBD083C-CBB2-4BE6-AF79-CAE1C5CC8217} = {42FD68EE-CEA5-4903-BF6C-950BB654DC42}
		{7C51D633-DC0B-4A66-9DBA-E1DE30E1647B} = {42FD68EE-CEA5-4903-BF6C-950BB654DC42}
		{02200B6C-172A-458C-A50F-592575FA4899} = {42FD68EE-CEA5-4903-BF6C-950BB654DC42}
		{0F1C74F5-5C29-4AC9-82E2-677EA7CBD453} = {42FD68EE-CEA5-4903-BF6C-950BB654DC42}
		{9BC37F11-8AF0-4F1B-B70F-6837C29F4B0F} = {42FD68EE-CEA5-4903-BF6C-950BB654DC42}
		{FB327F54-B1EA-47A2-BCE8-148764007B3C} = {42FD68EE-CEA5-4903-BF6C-950BB654DC42}
		{FD81B9C5-5BF1-451E-9014-A4A77B18B358} = {42FD68EE-CEA5-4903-BF6C-950BB654DC42}
		{8F2304AC-769A-4256-97CB-A70EBAEA94C7} = {42FD68EE-CEA5-4903-BF6C-950BB654DC42}
		{6CD199DA-D490-4A7F-B2C8-14DFE90FA313} = {42FD68EE-CEA5-4903-BF6C-950BB654DC42}
		{FB208EDE-A875-4D99-977D-607E77E9D95E} = {42FD68EE-CEA5-4903-BF6C-950BB654DC42}
		{71442B75-CA26-441D-82E1-E73BE3603E76} = {42FD68EE-CEA5-4903-BF6C-950BB654DC42}
		{0CC457E0-4873-44F8-A09A-2FB64250576A} = {42FD68EE-CEA5-4903-BF6C-950BB654DC42}
		{5E2BD45F-6FA6-4935-8471-8506755FE48F} = {42FD68EE-CEA5-4903-BF6C-950BB654DC42}
		{61198EB2-E653-469F-9E03-7FA32322D6C8} = {42FD68EE-CEA5-4903-BF6C-950BB654DC42}
		{2433DB23-5657-4DBA-86C3-DAFC2A80E255} = {42FD68EE-CEA5-4903-BF6C-950BB654DC42}
		{AB77E37E-0E41-46E9-9B66-90EA6F501A42} = {42FD68EE-CEA5-4903-BF6C-950BB654DC42}
		{1F70850A-01F4-4485-8E70-A38ACB79934C} = {42FD68EE-CEA5-4903-BF6C-950BB654DC42}
		{30A23AA9-9A6C-46DB-B9BA-C1702920ED4B} = {42FD68EE-CEA5-4903-BF6C-950BB654DC42}
		{8AB31D36-381D-4534-8853-AD3649E72598} = {42FD68EE-CEA5-4903-BF6C-950BB654DC42}
		{DCEB8280-0333-4B15-9ACB-5793A7296B6D} = {380EE52E-FBEC-4E32-98A9-96A3259D9ADC}
		{615D603E-394F-4319-8B1F-C7A9241CE149} = {380EE52E-FBEC-4E32-98A9-96A3259D9ADC}
		{BC91574B-24A2-4F28-AAAE-2650C8A6FCD6} = {380EE52E-FBEC-4E32-98A9-96A3259D9ADC}
		{CEBB6F91-603E-4A2A-BA8F-88DE48299005} = {380EE52E-FBEC-4E32-98A9-96A3259D9ADC}
		{72EFB98C-AA8A-4A13-8D5F-EE72127E3118} = {380EE52E-FBEC-4E32-98A9-96A3259D9ADC}
		{66257F15-2B76-4ED7-8DB9-7FBBB33996C7} = {380EE52E-FBEC-4E32-98A9-96A3259D9ADC}
		{AE73AE1F-E2FA-4983-811F-936125D76CB8} = {380EE52E-FBEC-4E32-98A9-96A3259D9ADC}
		{44283033-71E3-44CD-9540-F26561F4270D} = {380EE52E-FBEC-4E32-98A9-96A3259D9ADC}
		{04526521-F2A3-4193-848E-8B49B94268AA} = {380EE52E-FBEC-4E32-98A9-96A3259D9ADC}
	EndGlobalSection
	GlobalSection(ExtensibilityGlobals) = postSolution
		SolutionGuid = {3568595C-0B5B-4B56-A718-C0ED98177EF6}
	EndGlobalSection
EndGlobal
