
Microsoft Visual Studio Solution File, Format Version 12.00
# Visual Studio Version 17
VisualStudioVersion = 17.3.32804.467
MinimumVisualStudioVersion = 10.0.40219.1
Project("{9A19103F-16F7-4668-BE54-9A1E7A4F7556}") = "AdventOfCode", "AdventOfCode\AdventOfCode.csproj", "{DE1315A2-5365-49B5-B23B-4256323139CF}"
EndProject
Project("{2150E333-8FDC-42A3-9474-1A3956D46DE8}") = "2022", "2022", "{FE240BB0-CFE5-4418-A347-949B329F369F}"
EndProject
Project("{9A19103F-16F7-4668-BE54-9A1E7A4F7556}") = "Day1", "2022\Day1\Day1.csproj", "{853874F4-DDF6-4721-AB0A-85979E2AEBAE}"
EndProject
Project("{9A19103F-16F7-4668-BE54-9A1E7A4F7556}") = "Day2", "2022\Day2\Day2.csproj", "{8FFC3FE3-7D66-40FC-AF6C-46C6790CDA65}"
EndProject
Project("{9A19103F-16F7-4668-BE54-9A1E7A4F7556}") = "Day3", "2022\Day3\Day3.csproj", "{4F17CB0F-6A85-4CD6-B464-EEFDE2759BED}"
EndProject
Project("{9A19103F-16F7-4668-BE54-9A1E7A4F7556}") = "Day4", "2022\Day4\Day4.csproj", "{AA176A20-FA81-46DA-A3C0-285B7B08D076}"
EndProject
Project("{9A19103F-16F7-4668-BE54-9A1E7A4F7556}") = "Day5", "2022\Day5\Day5.csproj", "{BAB7FEBA-1728-4572-88F4-2DD684151675}"
EndProject
Global
	GlobalSection(SolutionConfigurationPlatforms) = preSolution
		Debug|Any CPU = Debug|Any CPU
		Release|Any CPU = Release|Any CPU
	EndGlobalSection
	GlobalSection(ProjectConfigurationPlatforms) = postSolution
		{DE1315A2-5365-49B5-B23B-4256323139CF}.Debug|Any CPU.ActiveCfg = Debug|Any CPU
		{DE1315A2-5365-49B5-B23B-4256323139CF}.Debug|Any CPU.Build.0 = Debug|Any CPU
		{DE1315A2-5365-49B5-B23B-4256323139CF}.Release|Any CPU.ActiveCfg = Release|Any CPU
		{DE1315A2-5365-49B5-B23B-4256323139CF}.Release|Any CPU.Build.0 = Release|Any CPU
		{853874F4-DDF6-4721-AB0A-85979E2AEBAE}.Debug|Any CPU.ActiveCfg = Debug|Any CPU
		{853874F4-DDF6-4721-AB0A-85979E2AEBAE}.Debug|Any CPU.Build.0 = Debug|Any CPU
		{853874F4-DDF6-4721-AB0A-85979E2AEBAE}.Release|Any CPU.ActiveCfg = Release|Any CPU
		{853874F4-DDF6-4721-AB0A-85979E2AEBAE}.Release|Any CPU.Build.0 = Release|Any CPU
		{8FFC3FE3-7D66-40FC-AF6C-46C6790CDA65}.Debug|Any CPU.ActiveCfg = Debug|Any CPU
		{8FFC3FE3-7D66-40FC-AF6C-46C6790CDA65}.Debug|Any CPU.Build.0 = Debug|Any CPU
		{8FFC3FE3-7D66-40FC-AF6C-46C6790CDA65}.Release|Any CPU.ActiveCfg = Release|Any CPU
		{8FFC3FE3-7D66-40FC-AF6C-46C6790CDA65}.Release|Any CPU.Build.0 = Release|Any CPU
		{4F17CB0F-6A85-4CD6-B464-EEFDE2759BED}.Debug|Any CPU.ActiveCfg = Debug|Any CPU
		{4F17CB0F-6A85-4CD6-B464-EEFDE2759BED}.Debug|Any CPU.Build.0 = Debug|Any CPU
		{4F17CB0F-6A85-4CD6-B464-EEFDE2759BED}.Release|Any CPU.ActiveCfg = Release|Any CPU
		{4F17CB0F-6A85-4CD6-B464-EEFDE2759BED}.Release|Any CPU.Build.0 = Release|Any CPU
		{AA176A20-FA81-46DA-A3C0-285B7B08D076}.Debug|Any CPU.ActiveCfg = Debug|Any CPU
		{AA176A20-FA81-46DA-A3C0-285B7B08D076}.Debug|Any CPU.Build.0 = Debug|Any CPU
		{AA176A20-FA81-46DA-A3C0-285B7B08D076}.Release|Any CPU.ActiveCfg = Release|Any CPU
		{AA176A20-FA81-46DA-A3C0-285B7B08D076}.Release|Any CPU.Build.0 = Release|Any CPU
		{BAB7FEBA-1728-4572-88F4-2DD684151675}.Debug|Any CPU.ActiveCfg = Debug|Any CPU
		{BAB7FEBA-1728-4572-88F4-2DD684151675}.Debug|Any CPU.Build.0 = Debug|Any CPU
		{BAB7FEBA-1728-4572-88F4-2DD684151675}.Release|Any CPU.ActiveCfg = Release|Any CPU
		{BAB7FEBA-1728-4572-88F4-2DD684151675}.Release|Any CPU.Build.0 = Release|Any CPU
	EndGlobalSection
	GlobalSection(SolutionProperties) = preSolution
		HideSolutionNode = FALSE
	EndGlobalSection
	GlobalSection(NestedProjects) = preSolution
		{853874F4-DDF6-4721-AB0A-85979E2AEBAE} = {FE240BB0-CFE5-4418-A347-949B329F369F}
		{8FFC3FE3-7D66-40FC-AF6C-46C6790CDA65} = {FE240BB0-CFE5-4418-A347-949B329F369F}
		{4F17CB0F-6A85-4CD6-B464-EEFDE2759BED} = {FE240BB0-CFE5-4418-A347-949B329F369F}
		{AA176A20-FA81-46DA-A3C0-285B7B08D076} = {FE240BB0-CFE5-4418-A347-949B329F369F}
		{BAB7FEBA-1728-4572-88F4-2DD684151675} = {FE240BB0-CFE5-4418-A347-949B329F369F}
	EndGlobalSection
	GlobalSection(ExtensibilityGlobals) = postSolution
		SolutionGuid = {3568595C-0B5B-4B56-A718-C0ED98177EF6}
	EndGlobalSection
EndGlobal
